// !$*UTF8*$!
{
	archiveVersion = 1;
	classes = {
	};
	objectVersion = 46;
	objects = {

/* Begin PBXBuildFile section */
		4652A0DD1C326A6C005CFF6B /* main.m in Sources */ = {isa = PBXBuildFile; fileRef = 4652A0DC1C326A6C005CFF6B /* main.m */; };
		4652A0E01C326A6C005CFF6B /* AppDelegate.m in Sources */ = {isa = PBXBuildFile; fileRef = 4652A0DF1C326A6C005CFF6B /* AppDelegate.m */; };
		4652A0E31C326A6C005CFF6B /* ViewController.m in Sources */ = {isa = PBXBuildFile; fileRef = 4652A0E21C326A6C005CFF6B /* ViewController.m */; };
		4652A0E61C326A6C005CFF6B /* Main.storyboard in Resources */ = {isa = PBXBuildFile; fileRef = 4652A0E41C326A6C005CFF6B /* Main.storyboard */; };
		4652A0E81C326A6C005CFF6B /* Images.xcassets in Resources */ = {isa = PBXBuildFile; fileRef = 4652A0E71C326A6C005CFF6B /* Images.xcassets */; };
		4652A0EB1C326A6C005CFF6B /* LaunchScreen.xib in Resources */ = {isa = PBXBuildFile; fileRef = 4652A0E91C326A6C005CFF6B /* LaunchScreen.xib */; };
		4652A0F71C326A6C005CFF6B /* SimpleTests.m in Sources */ = {isa = PBXBuildFile; fileRef = 4652A0F61C326A6C005CFF6B /* SimpleTests.m */; };
/* End PBXBuildFile section */

/* Begin PBXContainerItemProxy section */
		4652A0F11C326A6C005CFF6B /* PBXContainerItemProxy */ = {
			isa = PBXContainerItemProxy;
			containerPortal = 4652A0CF1C326A6C005CFF6B /* Project object */;
			proxyType = 1;
			remoteGlobalIDString = 4652A0D61C326A6C005CFF6B;
			remoteInfo = Simple;
		};
/* End PBXContainerItemProxy section */

/* Begin PBXFileReference section */
		4652A0D71C326A6C005CFF6B /* Simple.app */ = {isa = PBXFileReference; explicitFileType = wrapper.application; includeInIndex = 0; path = Simple.app; sourceTree = BUILT_PRODUCTS_DIR; };
		4652A0DB1C326A6C005CFF6B /* Info.plist */ = {isa = PBXFileReference; lastKnownFileType = text.plist.xml; path = Info.plist; sourceTree = "<group>"; };
		4652A0DC1C326A6C005CFF6B /* main.m */ = {isa = PBXFileReference; lastKnownFileType = sourcecode.c.objc; path = main.m; sourceTree = "<group>"; };
		4652A0DE1C326A6C005CFF6B /* AppDelegate.h */ = {isa = PBXFileReference; lastKnownFileType = sourcecode.c.h; path = AppDelegate.h; sourceTree = "<group>"; };
		4652A0DF1C326A6C005CFF6B /* AppDelegate.m */ = {isa = PBXFileReference; lastKnownFileType = sourcecode.c.objc; path = AppDelegate.m; sourceTree = "<group>"; };
		4652A0E11C326A6C005CFF6B /* ViewController.h */ = {isa = PBXFileReference; lastKnownFileType = sourcecode.c.h; path = ViewController.h; sourceTree = "<group>"; };
		4652A0E21C326A6C005CFF6B /* ViewController.m */ = {isa = PBXFileReference; lastKnownFileType = sourcecode.c.objc; path = ViewController.m; sourceTree = "<group>"; };
		4652A0E51C326A6C005CFF6B /* Base */ = {isa = PBXFileReference; lastKnownFileType = file.storyboard; name = Base; path = Base.lproj/Main.storyboard; sourceTree = "<group>"; };
		4652A0E71C326A6C005CFF6B /* Images.xcassets */ = {isa = PBXFileReference; lastKnownFileType = folder.assetcatalog; path = Images.xcassets; sourceTree = "<group>"; };
		4652A0EA1C326A6C005CFF6B /* Base */ = {isa = PBXFileReference; lastKnownFileType = file.xib; name = Base; path = Base.lproj/LaunchScreen.xib; sourceTree = "<group>"; };
		4652A0F01C326A6C005CFF6B /* SimpleTests.xctest */ = {isa = PBXFileReference; explicitFileType = wrapper.cfbundle; includeInIndex = 0; path = SimpleTests.xctest; sourceTree = BUILT_PRODUCTS_DIR; };
		4652A0F51C326A6C005CFF6B /* Info.plist */ = {isa = PBXFileReference; lastKnownFileType = text.plist.xml; path = Info.plist; sourceTree = "<group>"; };
		4652A0F61C326A6C005CFF6B /* SimpleTests.m */ = {isa = PBXFileReference; lastKnownFileType = sourcecode.c.objc; path = SimpleTests.m; sourceTree = "<group>"; };
/* End PBXFileReference section */

/* Begin PBXFrameworksBuildPhase section */
		4652A0D41C326A6C005CFF6B /* Frameworks */ = {
			isa = PBXFrameworksBuildPhase;
			buildActionMask = 2147483647;
			files = (
			);
			runOnlyForDeploymentPostprocessing = 0;
		};
		4652A0ED1C326A6C005CFF6B /* Frameworks */ = {
			isa = PBXFrameworksBuildPhase;
			buildActionMask = 2147483647;
			files = (
			);
			runOnlyForDeploymentPostprocessing = 0;
		};
/* End PBXFrameworksBuildPhase section */

/* Begin PBXGroup section */
		4652A0CE1C326A6C005CFF6B = {
			isa = PBXGroup;
			children = (
				4652A0D91C326A6C005CFF6B /* Simple */,
				4652A0F31C326A6C005CFF6B /* SimpleTests */,
				4652A0D81C326A6C005CFF6B /* Products */,
			);
			sourceTree = "<group>";
		};
		4652A0D81C326A6C005CFF6B /* Products */ = {
			isa = PBXGroup;
			children = (
				4652A0D71C326A6C005CFF6B /* Simple.app */,
				4652A0F01C326A6C005CFF6B /* SimpleTests.xctest */,
			);
			name = Products;
			sourceTree = "<group>";
		};
		4652A0D91C326A6C005CFF6B /* Simple */ = {
			isa = PBXGroup;
			children = (
				4652A1001C326A7C005CFF6B /* Person */,
				4652A0DE1C326A6C005CFF6B /* AppDelegate.h */,
				4652A0DF1C326A6C005CFF6B /* AppDelegate.m */,
				4652A0E11C326A6C005CFF6B /* ViewController.h */,
				4652A0E21C326A6C005CFF6B /* ViewController.m */,
				4652A0E41C326A6C005CFF6B /* Main.storyboard */,
				4652A0E71C326A6C005CFF6B /* Images.xcassets */,
				4652A0E91C326A6C005CFF6B /* LaunchScreen.xib */,
				4652A0DA1C326A6C005CFF6B /* Supporting Files */,
			);
			path = Simple;
			sourceTree = "<group>";
		};
		4652A0DA1C326A6C005CFF6B /* Supporting Files */ = {
			isa = PBXGroup;
			children = (
				4652A0DB1C326A6C005CFF6B /* Info.plist */,
				4652A0DC1C326A6C005CFF6B /* main.m */,
			);
			name = "Supporting Files";
			sourceTree = "<group>";
		};
		4652A0F31C326A6C005CFF6B /* SimpleTests */ = {
			isa = PBXGroup;
			children = (
				4652A0F61C326A6C005CFF6B /* SimpleTests.m */,
				4652A0F41C326A6C005CFF6B /* Supporting Files */,
			);
			path = SimpleTests;
			sourceTree = "<group>";
		};
		4652A0F41C326A6C005CFF6B /* Supporting Files */ = {
			isa = PBXGroup;
			children = (
				4652A0F51C326A6C005CFF6B /* Info.plist */,
			);
			name = "Supporting Files";
			sourceTree = "<group>";
		};
		4652A1001C326A7C005CFF6B /* Person */ = {
			isa = PBXGroup;
			children = (
			);
			name = Person;
			sourceTree = "<group>";
		};
/* End PBXGroup section */

/* Begin PBXNativeTarget section */
		4652A0D61C326A6C005CFF6B /* Simple */ = {
			isa = PBXNativeTarget;
			buildConfigurationList = 4652A0FA1C326A6C005CFF6B /* Build configuration list for PBXNativeTarget "Simple" */;
			buildPhases = (
				4652A0D31C326A6C005CFF6B /* Sources */,
				4652A0D41C326A6C005CFF6B /* Frameworks */,
				4652A0D51C326A6C005CFF6B /* Resources */,
			);
			buildRules = (
			);
			dependencies = (
			);
			name = Simple;
			productName = Simple;
			productReference = 4652A0D71C326A6C005CFF6B /* Simple.app */;
			productType = "com.apple.product-type.application";
		};
		4652A0EF1C326A6C005CFF6B /* SimpleTests */ = {
			isa = PBXNativeTarget;
			buildConfigurationList = 4652A0FD1C326A6C005CFF6B /* Build configuration list for PBXNativeTarget "SimpleTests" */;
			buildPhases = (
				4652A0EC1C326A6C005CFF6B /* Sources */,
				4652A0ED1C326A6C005CFF6B /* Frameworks */,
				4652A0EE1C326A6C005CFF6B /* Resources */,
			);
			buildRules = (
			);
			dependencies = (
				4652A0F21C326A6C005CFF6B /* PBXTargetDependency */,
			);
			name = SimpleTests;
			productName = SimpleTests;
			productReference = 4652A0F01C326A6C005CFF6B /* SimpleTests.xctest */;
			productType = "com.apple.product-type.bundle.unit-test";
		};
/* End PBXNativeTarget section */

/* Begin PBXProject section */
		4652A0CF1C326A6C005CFF6B /* Project object */ = {
			isa = PBXProject;
			attributes = {
				LastUpgradeCheck = 0640;
				ORGANIZATIONNAME = GD;
				TargetAttributes = {
					4652A0D61C326A6C005CFF6B = {
						CreatedOnToolsVersion = 6.4;
					};
					4652A0EF1C326A6C005CFF6B = {
						CreatedOnToolsVersion = 6.4;
						TestTargetID = 4652A0D61C326A6C005CFF6B;
					};
				};
			};
			buildConfigurationList = 4652A0D21C326A6C005CFF6B /* Build configuration list for PBXProject "Simple" */;
			compatibilityVersion = "Xcode 3.2";
			developmentRegion = English;
			hasScannedForEncodings = 0;
			knownRegions = (
				en,
				Base,
			);
			mainGroup = 4652A0CE1C326A6C005CFF6B;
			productRefGroup = 4652A0D81C326A6C005CFF6B /* Products */;
			projectDirPath = "";
			projectRoot = "";
			targets = (
				4652A0D61C326A6C005CFF6B /* Simple */,
				4652A0EF1C326A6C005CFF6B /* SimpleTests */,
			);
		};
/* End PBXProject section */

/* Begin PBXResourcesBuildPhase section */
		4652A0D51C326A6C005CFF6B /* Resources */ = {
			isa = PBXResourcesBuildPhase;
			buildActionMask = 2147483647;
			files = (
				4652A0E61C326A6C005CFF6B /* Main.storyboard in Resources */,
				4652A0EB1C326A6C005CFF6B /* LaunchScreen.xib in Resources */,
				4652A0E81C326A6C005CFF6B /* Images.xcassets in Resources */,
			);
			runOnlyForDeploymentPostprocessing = 0;
		};
		4652A0EE1C326A6C005CFF6B /* Resources */ = {
			isa = PBXResourcesBuildPhase;
			buildActionMask = 2147483647;
			files = (
			);
			runOnlyForDeploymentPostprocessing = 0;
		};
/* End PBXResourcesBuildPhase section */

/* Begin PBXSourcesBuildPhase section */
		4652A0D31C326A6C005CFF6B /* Sources */ = {
			isa = PBXSourcesBuildPhase;
			buildActionMask = 2147483647;
			files = (
				4652A0E31C326A6C005CFF6B /* ViewController.m in Sources */,
				4652A0E01C326A6C005CFF6B /* AppDelegate.m in Sources */,
				4652A0DD1C326A6C005CFF6B /* main.m in Sources */,
			);
			runOnlyForDeploymentPostprocessing = 0;
		};
		4652A0EC1C326A6C005CFF6B /* Sources */ = {
			isa = PBXSourcesBuildPhase;
			buildActionMask = 2147483647;
			files = (
				4652A0F71C326A6C005CFF6B /* SimpleTests.m in Sources */,
			);
			runOnlyForDeploymentPostprocessing = 0;
		};
/* End PBXSourcesBuildPhase section */

/* Begin PBXTargetDependency section */
		4652A0F21C326A6C005CFF6B /* PBXTargetDependency */ = {
			isa = PBXTargetDependency;
			target = 4652A0D61C326A6C005CFF6B /* Simple */;
			targetProxy = 4652A0F11C326A6C005CFF6B /* PBXContainerItemProxy */;
		};
/* End PBXTargetDependency section */

/* Begin PBXVariantGroup section */
		4652A0E41C326A6C005CFF6B /* Main.storyboard */ = {
			isa = PBXVariantGroup;
			children = (
				4652A0E51C326A6C005CFF6B /* Base */,
			);
			name = Main.storyboard;
			sourceTree = "<group>";
		};
		4652A0E91C326A6C005CFF6B /* LaunchScreen.xib */ = {
			isa = PBXVariantGroup;
			children = (
				4652A0EA1C326A6C005CFF6B /* Base */,
			);
			name = LaunchScreen.xib;
			sourceTree = "<group>";
		};
/* End PBXVariantGroup section */

/* Begin XCBuildConfiguration section */
		4652A0F81C326A6C005CFF6B /* Debug */ = {
			isa = XCBuildConfiguration;
			buildSettings = {
				ALWAYS_SEARCH_USER_PATHS = NO;
				CLANG_CXX_LANGUAGE_STANDARD = "gnu++0x";
				CLANG_CXX_LIBRARY = "libc++";
				CLANG_ENABLE_MODULES = YES;
				CLANG_ENABLE_OBJC_ARC = YES;
				CLANG_WARN_BOOL_CONVERSION = YES;
				CLANG_WARN_CONSTANT_CONVERSION = YES;
				CLANG_WARN_DIRECT_OBJC_ISA_USAGE = YES_ERROR;
				CLANG_WARN_EMPTY_BODY = YES;
				CLANG_WARN_ENUM_CONVERSION = YES;
				CLANG_WARN_INT_CONVERSION = YES;
				CLANG_WARN_OBJC_ROOT_CLASS = YES_ERROR;
				CLANG_WARN_UNREACHABLE_CODE = YES;
				CLANG_WARN__DUPLICATE_METHOD_MATCH = YES;
				"CODE_SIGN_IDENTITY[sdk=iphoneos*]" = "iPhone Developer";
				COPY_PHASE_STRIP = NO;
				DEBUG_INFORMATION_FORMAT = "dwarf-with-dsym";
				ENABLE_STRICT_OBJC_MSGSEND = YES;
				GCC_C_LANGUAGE_STANDARD = gnu99;
				GCC_DYNAMIC_NO_PIC = NO;
				GCC_NO_COMMON_BLOCKS = YES;
				GCC_OPTIMIZATION_LEVEL = 0;
				GCC_PREPROCESSOR_DEFINITIONS = (
					"DEBUG=1",
					"$(inherited)",
				);
				GCC_SYMBOLS_PRIVATE_EXTERN = NO;
				GCC_WARN_64_TO_32_BIT_CONVERSION = YES;
				GCC_WARN_ABOUT_RETURN_TYPE = YES_ERROR;
				GCC_WARN_UNDECLARED_SELECTOR = YES;
				GCC_WARN_UNINITIALIZED_AUTOS = YES_AGGRESSIVE;
				GCC_WARN_UNUSED_FUNCTION = YES;
				GCC_WARN_UNUSED_VARIABLE = YES;
				IPHONEOS_DEPLOYMENT_TARGET = 8.4;
				MTL_ENABLE_DEBUG_INFO = YES;
				ONLY_ACTIVE_ARCH = YES;
				SDKROOT = iphoneos;
			};
			name = Debug;
		};
		4652A0F91C326A6C005CFF6B /* Release */ = {
			isa = XCBuildConfiguration;
			buildSettings = {
				ALWAYS_SEARCH_USER_PATHS = NO;
				CLANG_CXX_LANGUAGE_STANDARD = "gnu++0x";
				CLANG_CXX_LIBRARY = "libc++";
				CLANG_ENABLE_MODULES = YES;
				CLANG_ENABLE_OBJC_ARC = YES;
				CLANG_WARN_BOOL_CONVERSION = YES;
				CLANG_WARN_CONSTANT_CONVERSION = YES;
				CLANG_WARN_DIRECT_OBJC_ISA_USAGE = YES_ERROR;
				CLANG_WARN_EMPTY_BODY = YES;
				CLANG_WARN_ENUM_CONVERSION = YES;
				CLANG_WARN_INT_CONVERSION = YES;
				CLANG_WARN_OBJC_ROOT_CLASS = YES_ERROR;
				CLANG_WARN_UNREACHABLE_CODE = YES;
				CLANG_WARN__DUPLICATE_METHOD_MATCH = YES;
				"CODE_SIGN_IDENTITY[sdk=iphoneos*]" = "iPhone Developer";
				COPY_PHASE_STRIP = NO;
				DEBUG_INFORMATION_FORMAT = "dwarf-with-dsym";
				ENABLE_NS_ASSERTIONS = NO;
				ENABLE_STRICT_OBJC_MSGSEND = YES;
				GCC_C_LANGUAGE_STANDARD = gnu99;
				GCC_NO_COMMON_BLOCKS = YES;
				GCC_WARN_64_TO_32_BIT_CONVERSION = YES;
				GCC_WARN_ABOUT_RETURN_TYPE = YES_ERROR;
				GCC_WARN_UNDECLARED_SELECTOR = YES;
				GCC_WARN_UNINITIALIZED_AUTOS = YES_AGGRESSIVE;
				GCC_WARN_UNUSED_FUNCTION = YES;
				GCC_WARN_UNUSED_VARIABLE = YES;
				IPHONEOS_DEPLOYMENT_TARGET = 8.4;
				MTL_ENABLE_DEBUG_INFO = NO;
				SDKROOT = iphoneos;
				VALIDATE_PRODUCT = YES;
			};
			name = Release;
		};
		4652A0FB1C326A6C005CFF6B /* Debug */ = {
			isa = XCBuildConfiguration;
			buildSettings = {
				ASSETCATALOG_COMPILER_APPICON_NAME = AppIcon;
				INFOPLIST_FILE = Simple/Info.plist;
				LD_RUNPATH_SEARCH_PATHS = "$(inherited) @executable_path/Frameworks";
				PRODUCT_NAME = "$(TARGET_NAME)";
			};
			name = Debug;
		};
		4652A0FC1C326A6C005CFF6B /* Release */ = {
			isa = XCBuildConfiguration;
			buildSettings = {
				ASSETCATALOG_COMPILER_APPICON_NAME = AppIcon;
				INFOPLIST_FILE = Simple/Info.plist;
				LD_RUNPATH_SEARCH_PATHS = "$(inherited) @executable_path/Frameworks";
				PRODUCT_NAME = "$(TARGET_NAME)";
			};
			name = Release;
		};
		4652A0FE1C326A6C005CFF6B /* Debug */ = {
			isa = XCBuildConfiguration;
			buildSettings = {
				BUNDLE_LOADER = "$(TEST_HOST)";
				FRAMEWORK_SEARCH_PATHS = (
					"$(SDKROOT)/Developer/Library/Frameworks",
					"$(inherited)",
				);
				GCC_PREPROCESSOR_DEFINITIONS = (
					"DEBUG=1",
					"$(inherited)",
				);
				INFOPLIST_FILE = SimpleTests/Info.plist;
				LD_RUNPATH_SEARCH_PATHS = "$(inherited) @executable_path/Frameworks @loader_path/Frameworks";
				PRODUCT_NAME = "$(TARGET_NAME)";
				TEST_HOST = "$(BUILT_PRODUCTS_DIR)/Simple.app/Simple";
			};
			name = Debug;
		};
		4652A0FF1C326A6C005CFF6B /* Release */ = {
			isa = XCBuildConfiguration;
			buildSettings = {
				BUNDLE_LOADER = "$(TEST_HOST)";
				FRAMEWORK_SEARCH_PATHS = (
					"$(SDKROOT)/Developer/Library/Frameworks",
					"$(inherited)",
				);
				INFOPLIST_FILE = SimpleTests/Info.plist;
				LD_RUNPATH_SEARCH_PATHS = "$(inherited) @executable_path/Frameworks @loader_path/Frameworks";
				PRODUCT_NAME = "$(TARGET_NAME)";
				TEST_HOST = "$(BUILT_PRODUCTS_DIR)/Simple.app/Simple";
			};
			name = Release;
		};
/* End XCBuildConfiguration section */

/* Begin XCConfigurationList section */
		4652A0D21C326A6C005CFF6B /* Build configuration list for PBXProject "Simple" */ = {
			isa = XCConfigurationList;
			buildConfigurations = (
				4652A0F81C326A6C005CFF6B /* Debug */,
				4652A0F91C326A6C005CFF6B /* Release */,
			);
			defaultConfigurationIsVisible = 0;
			defaultConfigurationName = Release;
		};
		4652A0FA1C326A6C005CFF6B /* Build configuration list for PBXNativeTarget "Simple" */ = {
			isa = XCConfigurationList;
			buildConfigurations = (
				4652A0FB1C326A6C005CFF6B /* Debug */,
				4652A0FC1C326A6C005CFF6B /* Release */,
			);
			defaultConfigurationIsVisible = 0;
		};
		4652A0FD1C326A6C005CFF6B /* Build configuration list for PBXNativeTarget "SimpleTests" */ = {
			isa = XCConfigurationList;
			buildConfigurations = (
				4652A0FE1C326A6C005CFF6B /* Debug */,
				4652A0FF1C326A6C005CFF6B /* Release */,
			);
			defaultConfigurationIsVisible = 0;
		};
/* End XCConfigurationList section */
	};
	rootObject = 4652A0CF1C326A6C005CFF6B /* Project object */;
}
